
Microsoft Visual Studio Solution File, Format Version 12.00
# Visual Studio 2013
VisualStudioVersion = 12.0.30501.0
MinimumVisualStudioVersion = 10.0.40219.1
Project("{FAE04EC0-301F-11D3-BF4B-00C04F79EFBC}") = "ManiaNet.DedicatedServer", "ManiaNet.DedicatedServer\ManiaNet.DedicatedServer.csproj", "{086BB4EA-E79A-482E-84FC-4EA256ECF4B4}"
EndProject
Project("{FAE04EC0-301F-11D3-BF4B-00C04F79EFBC}") = "ManiaNet.Console", "ManiaNet.Console\ManiaNet.Console.csproj", "{C2253BEF-10A4-426A-B4CE-AC7F11EF7AFC}"
EndProject
Project("{2150E333-8FDC-42A3-9474-1A3956D46DE8}") = "Solution Items", "Solution Items", "{D19FAE22-6EE3-43F4-89F2-91EA8F8CFA72}"
	ProjectSection(SolutionItems) = preProject
		README.md = README.md
		RPC-Method-List.md = RPC-Method-List.md
		Server-Callbacks-2013-04-16.html = Server-Callbacks-2013-04-16.html
	EndProjectSection
EndProject
Project("{FAE04EC0-301F-11D3-BF4B-00C04F79EFBC}") = "ManiaNet.Tests", "ManiaNet.Tests\ManiaNet.Tests.csproj", "{7DEEC460-1888-4779-A51A-FC6DE69A3481}"
EndProject
Project("{FAE04EC0-301F-11D3-BF4B-00C04F79EFBC}") = "ManiaNet.DedicatedServer.Controller", "ManiaNet.DedicatedServer.Controller\ManiaNet.DedicatedServer.Controller.csproj", "{9F4FDCA6-1CC3-4E85-864D-20D631461776}"
EndProject
Project("{FAE04EC0-301F-11D3-BF4B-00C04F79EFBC}") = "ManiaNet.UI.WPF", "ManiaNet.UI.WPF\ManiaNet.UI.WPF.csproj", "{288D430C-A881-4065-94D9-94C1E1466733}"
EndProject
Project("{FAE04EC0-301F-11D3-BF4B-00C04F79EFBC}") = "ChallengeAdvisor", "ChallengeAdvisor\ChallengeAdvisor.csproj", "{578A629F-851A-4A94-B7A6-8EF9F0FA8B4B}"
EndProject
Global
	GlobalSection(SolutionConfigurationPlatforms) = preSolution
		Debug|Any CPU = Debug|Any CPU
		Release|Any CPU = Release|Any CPU
	EndGlobalSection
	GlobalSection(ProjectConfigurationPlatforms) = postSolution
		{086BB4EA-E79A-482E-84FC-4EA256ECF4B4}.Debug|Any CPU.ActiveCfg = Debug|Any CPU
		{086BB4EA-E79A-482E-84FC-4EA256ECF4B4}.Debug|Any CPU.Build.0 = Debug|Any CPU
		{086BB4EA-E79A-482E-84FC-4EA256ECF4B4}.Release|Any CPU.ActiveCfg = Release|Any CPU
		{086BB4EA-E79A-482E-84FC-4EA256ECF4B4}.Release|Any CPU.Build.0 = Release|Any CPU
		{C2253BEF-10A4-426A-B4CE-AC7F11EF7AFC}.Debug|Any CPU.ActiveCfg = Debug|Any CPU
		{C2253BEF-10A4-426A-B4CE-AC7F11EF7AFC}.Debug|Any CPU.Build.0 = Debug|Any CPU
		{C2253BEF-10A4-426A-B4CE-AC7F11EF7AFC}.Release|Any CPU.ActiveCfg = Release|Any CPU
		{C2253BEF-10A4-426A-B4CE-AC7F11EF7AFC}.Release|Any CPU.Build.0 = Release|Any CPU
		{7DEEC460-1888-4779-A51A-FC6DE69A3481}.Debug|Any CPU.ActiveCfg = Debug|Any CPU
		{7DEEC460-1888-4779-A51A-FC6DE69A3481}.Debug|Any CPU.Build.0 = Debug|Any CPU
		{7DEEC460-1888-4779-A51A-FC6DE69A3481}.Release|Any CPU.ActiveCfg = Release|Any CPU
		{7DEEC460-1888-4779-A51A-FC6DE69A3481}.Release|Any CPU.Build.0 = Release|Any CPU
		{9F4FDCA6-1CC3-4E85-864D-20D631461776}.Debug|Any CPU.ActiveCfg = Debug|Any CPU
		{9F4FDCA6-1CC3-4E85-864D-20D631461776}.Debug|Any CPU.Build.0 = Debug|Any CPU
		{9F4FDCA6-1CC3-4E85-864D-20D631461776}.Release|Any CPU.ActiveCfg = Release|Any CPU
		{9F4FDCA6-1CC3-4E85-864D-20D631461776}.Release|Any CPU.Build.0 = Release|Any CPU
		{288D430C-A881-4065-94D9-94C1E1466733}.Debug|Any CPU.ActiveCfg = Debug|Any CPU
		{288D430C-A881-4065-94D9-94C1E1466733}.Debug|Any CPU.Build.0 = Debug|Any CPU
		{288D430C-A881-4065-94D9-94C1E1466733}.Release|Any CPU.ActiveCfg = Release|Any CPU
		{288D430C-A881-4065-94D9-94C1E1466733}.Release|Any CPU.Build.0 = Release|Any CPU
		{578A629F-851A-4A94-B7A6-8EF9F0FA8B4B}.Debug|Any CPU.ActiveCfg = Debug|Any CPU
		{578A629F-851A-4A94-B7A6-8EF9F0FA8B4B}.Debug|Any CPU.Build.0 = Debug|Any CPU
		{578A629F-851A-4A94-B7A6-8EF9F0FA8B4B}.Release|Any CPU.ActiveCfg = Release|Any CPU
		{578A629F-851A-4A94-B7A6-8EF9F0FA8B4B}.Release|Any CPU.Build.0 = Release|Any CPU
	EndGlobalSection
	GlobalSection(SolutionProperties) = preSolution
		HideSolutionNode = FALSE
	EndGlobalSection
EndGlobal
