
Microsoft Visual Studio Solution File, Format Version 12.00
# Visual Studio 2013
VisualStudioVersion = 12.0.30501.0
MinimumVisualStudioVersion = 10.0.40219.1
Project("{FAE04EC0-301F-11D3-BF4B-00C04F79EFBC}") = "ManiaNet.DedicatedServer.Controller.ConsoleApp", "ManiaNet.DedicatedServer.Controller.ConsoleApp\ManiaNet.DedicatedServer.Controller.ConsoleApp.csproj", "{C2253BEF-10A4-426A-B4CE-AC7F11EF7AFC}"
EndProject
Project("{2150E333-8FDC-42A3-9474-1A3956D46DE8}") = "Solution Items", "Solution Items", "{D19FAE22-6EE3-43F4-89F2-91EA8F8CFA72}"
	ProjectSection(SolutionItems) = preProject
		README.md = README.md
		RPC-Method-List.md = RPC-Method-List.md
		Server-Callbacks-2013-04-16.html = Server-Callbacks-2013-04-16.html
	EndProjectSection
EndProject
Project("{FAE04EC0-301F-11D3-BF4B-00C04F79EFBC}") = "ManiaNet.DedicatedServer.Controller", "ManiaNet.DedicatedServer.Controller\ManiaNet.DedicatedServer.Controller.csproj", "{9F4FDCA6-1CC3-4E85-864D-20D631461776}"
EndProject
Project("{FAE04EC0-301F-11D3-BF4B-00C04F79EFBC}") = "ManiaNet.DedicatedServer.Controller.Tests", "ManiaNet.DedicatedServer.Controller.Tests\ManiaNet.DedicatedServer.Controller.Tests.csproj", "{81E96AF8-3885-43FF-8B48-37C65F8219A8}"
EndProject
Global
	GlobalSection(SolutionConfigurationPlatforms) = preSolution
		Debug|Any CPU = Debug|Any CPU
		Debug|ARM = Debug|ARM
		Debug|x64 = Debug|x64
		Debug|x86 = Debug|x86
		Release|Any CPU = Release|Any CPU
		Release|ARM = Release|ARM
		Release|x64 = Release|x64
		Release|x86 = Release|x86
	EndGlobalSection
	GlobalSection(ProjectConfigurationPlatforms) = postSolution
		{C2253BEF-10A4-426A-B4CE-AC7F11EF7AFC}.Debug|Any CPU.ActiveCfg = Debug|Any CPU
		{C2253BEF-10A4-426A-B4CE-AC7F11EF7AFC}.Debug|Any CPU.Build.0 = Debug|Any CPU
		{C2253BEF-10A4-426A-B4CE-AC7F11EF7AFC}.Debug|ARM.ActiveCfg = Debug|Any CPU
		{C2253BEF-10A4-426A-B4CE-AC7F11EF7AFC}.Debug|x64.ActiveCfg = Debug|Any CPU
		{C2253BEF-10A4-426A-B4CE-AC7F11EF7AFC}.Debug|x86.ActiveCfg = Debug|Any CPU
		{C2253BEF-10A4-426A-B4CE-AC7F11EF7AFC}.Release|Any CPU.ActiveCfg = Release|Any CPU
		{C2253BEF-10A4-426A-B4CE-AC7F11EF7AFC}.Release|Any CPU.Build.0 = Release|Any CPU
		{C2253BEF-10A4-426A-B4CE-AC7F11EF7AFC}.Release|ARM.ActiveCfg = Release|Any CPU
		{C2253BEF-10A4-426A-B4CE-AC7F11EF7AFC}.Release|x64.ActiveCfg = Release|Any CPU
		{C2253BEF-10A4-426A-B4CE-AC7F11EF7AFC}.Release|x86.ActiveCfg = Release|Any CPU
		{9F4FDCA6-1CC3-4E85-864D-20D631461776}.Debug|Any CPU.ActiveCfg = Debug|Any CPU
		{9F4FDCA6-1CC3-4E85-864D-20D631461776}.Debug|Any CPU.Build.0 = Debug|Any CPU
		{9F4FDCA6-1CC3-4E85-864D-20D631461776}.Debug|ARM.ActiveCfg = Debug|Any CPU
		{9F4FDCA6-1CC3-4E85-864D-20D631461776}.Debug|x64.ActiveCfg = Debug|Any CPU
		{9F4FDCA6-1CC3-4E85-864D-20D631461776}.Debug|x86.ActiveCfg = Debug|Any CPU
		{9F4FDCA6-1CC3-4E85-864D-20D631461776}.Release|Any CPU.ActiveCfg = Release|Any CPU
		{9F4FDCA6-1CC3-4E85-864D-20D631461776}.Release|Any CPU.Build.0 = Release|Any CPU
		{9F4FDCA6-1CC3-4E85-864D-20D631461776}.Release|ARM.ActiveCfg = Release|Any CPU
		{9F4FDCA6-1CC3-4E85-864D-20D631461776}.Release|x64.ActiveCfg = Release|Any CPU
		{9F4FDCA6-1CC3-4E85-864D-20D631461776}.Release|x86.ActiveCfg = Release|Any CPU
		{81E96AF8-3885-43FF-8B48-37C65F8219A8}.Debug|Any CPU.ActiveCfg = Debug|Any CPU
		{81E96AF8-3885-43FF-8B48-37C65F8219A8}.Debug|Any CPU.Build.0 = Debug|Any CPU
		{81E96AF8-3885-43FF-8B48-37C65F8219A8}.Debug|ARM.ActiveCfg = Debug|Any CPU
		{81E96AF8-3885-43FF-8B48-37C65F8219A8}.Debug|x64.ActiveCfg = Debug|Any CPU
		{81E96AF8-3885-43FF-8B48-37C65F8219A8}.Debug|x86.ActiveCfg = Debug|Any CPU
		{81E96AF8-3885-43FF-8B48-37C65F8219A8}.Release|Any CPU.ActiveCfg = Release|Any CPU
		{81E96AF8-3885-43FF-8B48-37C65F8219A8}.Release|Any CPU.Build.0 = Release|Any CPU
		{81E96AF8-3885-43FF-8B48-37C65F8219A8}.Release|ARM.ActiveCfg = Release|Any CPU
		{81E96AF8-3885-43FF-8B48-37C65F8219A8}.Release|x64.ActiveCfg = Release|Any CPU
		{81E96AF8-3885-43FF-8B48-37C65F8219A8}.Release|x86.ActiveCfg = Release|Any CPU
	EndGlobalSection
	GlobalSection(SolutionProperties) = preSolution
		HideSolutionNode = FALSE
	EndGlobalSection
EndGlobal
